
Microsoft Visual Studio Solution File, Format Version 12.00
# Visual Studio Version 16
VisualStudioVersion = 16.0.29806.167
MinimumVisualStudioVersion = 10.0.40219.1
Project("{FAE04EC0-301F-11D3-BF4B-00C04F79EFBC}") = "WF_BancoPOO", "WF_BancoPOO\WF_BancoPOO.csproj", "{B98A87FF-F3C4-4050-9210-B4BEF2DFD2FF}"
EndProject
Global
	GlobalSection(SolutionConfigurationPlatforms) = preSolution
		Debug|Any CPU = Debug|Any CPU
		Release|Any CPU = Release|Any CPU
	EndGlobalSection
	GlobalSection(ProjectConfigurationPlatforms) = postSolution
		{B98A87FF-F3C4-4050-9210-B4BEF2DFD2FF}.Debug|Any CPU.ActiveCfg = Debug|Any CPU
		{B98A87FF-F3C4-4050-9210-B4BEF2DFD2FF}.Debug|Any CPU.Build.0 = Debug|Any CPU
		{B98A87FF-F3C4-4050-9210-B4BEF2DFD2FF}.Release|Any CPU.ActiveCfg = Release|Any CPU
		{B98A87FF-F3C4-4050-9210-B4BEF2DFD2FF}.Release|Any CPU.Build.0 = Release|Any CPU
	EndGlobalSection
	GlobalSection(SolutionProperties) = preSolution
		HideSolutionNode = FALSE
	EndGlobalSection
	GlobalSection(ExtensibilityGlobals) = postSolution
		SolutionGuid = {05369E53-80B1-4FB4-AB32-4ADE52E8A695}
	EndGlobalSection
EndGlobal
